
Microsoft Visual Studio Solution File, Format Version 12.00
# Visual Studio Version 17
VisualStudioVersion = 17.9.34622.214
MinimumVisualStudioVersion = 10.0.40219.1
Project("{FAE04EC0-301F-11D3-BF4B-00C04F79EFBC}") = "LearningMangagerment", "LearningMangagerment\LearningMangagerment.csproj", "{CE9B15D9-8D4C-423A-90BA-D8E623A7AD16}"
EndProject
Global
	GlobalSection(SolutionConfigurationPlatforms) = preSolution
		Debug|Any CPU = Debug|Any CPU
		Release|Any CPU = Release|Any CPU
	EndGlobalSection
	GlobalSection(ProjectConfigurationPlatforms) = postSolution
		{CE9B15D9-8D4C-423A-90BA-D8E623A7AD16}.Debug|Any CPU.ActiveCfg = Debug|Any CPU
		{CE9B15D9-8D4C-423A-90BA-D8E623A7AD16}.Debug|Any CPU.Build.0 = Debug|Any CPU
		{CE9B15D9-8D4C-423A-90BA-D8E623A7AD16}.Release|Any CPU.ActiveCfg = Release|Any CPU
		{CE9B15D9-8D4C-423A-90BA-D8E623A7AD16}.Release|Any CPU.Build.0 = Release|Any CPU
	EndGlobalSection
	GlobalSection(SolutionProperties) = preSolution
		HideSolutionNode = FALSE
	EndGlobalSection
	GlobalSection(ExtensibilityGlobals) = postSolution
		SolutionGuid = {936FF5EC-DE57-4FDD-938C-8D7FA3D756B4}
	EndGlobalSection
EndGlobal
